
Microsoft Visual Studio Solution File, Format Version 12.00
# Visual Studio Version 16
VisualStudioVersion = 16.0.30611.23
MinimumVisualStudioVersion = 10.0.40219.1
Project("{FAE04EC0-301F-11D3-BF4B-00C04F79EFBC}") = "Magazyn Spedycji", "Magazyn Spedycji.csproj", "{60D49D97-16A7-417D-A500-15AFB0E8D781}"
EndProject
Global
	GlobalSection(SolutionConfigurationPlatforms) = preSolution
		Debug|Any CPU = Debug|Any CPU
		Release|Any CPU = Release|Any CPU
	EndGlobalSection
	GlobalSection(ProjectConfigurationPlatforms) = postSolution
		{60D49D97-16A7-417D-A500-15AFB0E8D781}.Debug|Any CPU.ActiveCfg = Debug|Any CPU
		{60D49D97-16A7-417D-A500-15AFB0E8D781}.Debug|Any CPU.Build.0 = Debug|Any CPU
		{60D49D97-16A7-417D-A500-15AFB0E8D781}.Release|Any CPU.ActiveCfg = Release|Any CPU
		{60D49D97-16A7-417D-A500-15AFB0E8D781}.Release|Any CPU.Build.0 = Release|Any CPU
	EndGlobalSection
	GlobalSection(SolutionProperties) = preSolution
		HideSolutionNode = FALSE
	EndGlobalSection
	GlobalSection(ExtensibilityGlobals) = postSolution
		SolutionGuid = {2D75151B-5C21-47BA-948E-6FB1472B00CD}
	EndGlobalSection
EndGlobal
